
Microsoft Visual Studio Solution File, Format Version 12.00
# Visual Studio Version 17
VisualStudioVersion = 17.11.35431.28
MinimumVisualStudioVersion = 10.0.40219.1
Project("{FAE04EC0-301F-11D3-BF4B-00C04F79EFBC}") = "WebSite", "WebSite\WebSite.csproj", "{ED21D083-C3D8-42A9-B001-413F69BD3E07}"
EndProject
Global
	GlobalSection(SolutionConfigurationPlatforms) = preSolution
		Debug|Any CPU = Debug|Any CPU
		Release|Any CPU = Release|Any CPU
	EndGlobalSection
	GlobalSection(ProjectConfigurationPlatforms) = postSolution
		{ED21D083-C3D8-42A9-B001-413F69BD3E07}.Debug|Any CPU.ActiveCfg = Debug|Any CPU
		{ED21D083-C3D8-42A9-B001-413F69BD3E07}.Debug|Any CPU.Build.0 = Debug|Any CPU
		{ED21D083-C3D8-42A9-B001-413F69BD3E07}.Release|Any CPU.ActiveCfg = Release|Any CPU
		{ED21D083-C3D8-42A9-B001-413F69BD3E07}.Release|Any CPU.Build.0 = Release|Any CPU
	EndGlobalSection
	GlobalSection(SolutionProperties) = preSolution
		HideSolutionNode = FALSE
	EndGlobalSection
	GlobalSection(ExtensibilityGlobals) = postSolution
		SolutionGuid = {7A23444C-47C5-4702-A5F6-CAC88A0EA48A}
	EndGlobalSection
EndGlobal
